
Microsoft Visual Studio Solution File, Format Version 12.00
# Visual Studio 14
VisualStudioVersion = 14.0.25123.0
MinimumVisualStudioVersion = 10.0.40219.1
Project("{FAE04EC0-301F-11D3-BF4B-00C04F79EFBC}") = "D5tools.Core", "D5tools.Core\D5tools.Core.csproj", "{21CA96F3-1D19-484C-9379-20000F3DB8DA}"
EndProject
Project("{2150E333-8FDC-42A3-9474-1A3956D46DE8}") = "Solution Items", "Solution Items", "{8DCD98D3-4296-47A4-9737-47176F8766F1}"
	ProjectSection(SolutionItems) = preProject
		LICENSE = LICENSE
		README.md = README.md
	EndProjectSection
EndProject
Project("{FAE04EC0-301F-11D3-BF4B-00C04F79EFBC}") = "D5tools.Services", "D5tools.Services\D5tools.Services.csproj", "{6E7D735C-2350-41A4-A144-11E951DE2480}"
EndProject
Project("{FAE04EC0-301F-11D3-BF4B-00C04F79EFBC}") = "D5tools.Data", "D5tools.Data\D5tools.Data.csproj", "{BA7C3360-503C-4DD2-B47E-72A0757EB46F}"
EndProject
Project("{FAE04EC0-301F-11D3-BF4B-00C04F79EFBC}") = "D5tools.Test", "D5tools.Test\D5tools.Test.csproj", "{34CBFED2-BCF4-4698-BA56-709D7B19F882}"
EndProject
Global
	GlobalSection(SolutionConfigurationPlatforms) = preSolution
		Debug|Any CPU = Debug|Any CPU
		Debug|ARM = Debug|ARM
		Debug|x64 = Debug|x64
		Debug|x86 = Debug|x86
		Release|Any CPU = Release|Any CPU
		Release|ARM = Release|ARM
		Release|x64 = Release|x64
		Release|x86 = Release|x86
	EndGlobalSection
	GlobalSection(ProjectConfigurationPlatforms) = postSolution
		{21CA96F3-1D19-484C-9379-20000F3DB8DA}.Debug|Any CPU.ActiveCfg = Debug|Any CPU
		{21CA96F3-1D19-484C-9379-20000F3DB8DA}.Debug|Any CPU.Build.0 = Debug|Any CPU
		{21CA96F3-1D19-484C-9379-20000F3DB8DA}.Debug|ARM.ActiveCfg = Debug|ARM
		{21CA96F3-1D19-484C-9379-20000F3DB8DA}.Debug|ARM.Build.0 = Debug|ARM
		{21CA96F3-1D19-484C-9379-20000F3DB8DA}.Debug|x64.ActiveCfg = Debug|x64
		{21CA96F3-1D19-484C-9379-20000F3DB8DA}.Debug|x64.Build.0 = Debug|x64
		{21CA96F3-1D19-484C-9379-20000F3DB8DA}.Debug|x86.ActiveCfg = Debug|x86
		{21CA96F3-1D19-484C-9379-20000F3DB8DA}.Debug|x86.Build.0 = Debug|x86
		{21CA96F3-1D19-484C-9379-20000F3DB8DA}.Release|Any CPU.ActiveCfg = Release|Any CPU
		{21CA96F3-1D19-484C-9379-20000F3DB8DA}.Release|Any CPU.Build.0 = Release|Any CPU
		{21CA96F3-1D19-484C-9379-20000F3DB8DA}.Release|ARM.ActiveCfg = Release|ARM
		{21CA96F3-1D19-484C-9379-20000F3DB8DA}.Release|ARM.Build.0 = Release|ARM
		{21CA96F3-1D19-484C-9379-20000F3DB8DA}.Release|x64.ActiveCfg = Release|x64
		{21CA96F3-1D19-484C-9379-20000F3DB8DA}.Release|x64.Build.0 = Release|x64
		{21CA96F3-1D19-484C-9379-20000F3DB8DA}.Release|x86.ActiveCfg = Release|x86
		{21CA96F3-1D19-484C-9379-20000F3DB8DA}.Release|x86.Build.0 = Release|x86
		{6E7D735C-2350-41A4-A144-11E951DE2480}.Debug|Any CPU.ActiveCfg = Debug|Any CPU
		{6E7D735C-2350-41A4-A144-11E951DE2480}.Debug|Any CPU.Build.0 = Debug|Any CPU
		{6E7D735C-2350-41A4-A144-11E951DE2480}.Debug|ARM.ActiveCfg = Debug|ARM
		{6E7D735C-2350-41A4-A144-11E951DE2480}.Debug|ARM.Build.0 = Debug|ARM
		{6E7D735C-2350-41A4-A144-11E951DE2480}.Debug|x64.ActiveCfg = Debug|x64
		{6E7D735C-2350-41A4-A144-11E951DE2480}.Debug|x64.Build.0 = Debug|x64
		{6E7D735C-2350-41A4-A144-11E951DE2480}.Debug|x86.ActiveCfg = Debug|x86
		{6E7D735C-2350-41A4-A144-11E951DE2480}.Debug|x86.Build.0 = Debug|x86
		{6E7D735C-2350-41A4-A144-11E951DE2480}.Release|Any CPU.ActiveCfg = Release|Any CPU
		{6E7D735C-2350-41A4-A144-11E951DE2480}.Release|Any CPU.Build.0 = Release|Any CPU
		{6E7D735C-2350-41A4-A144-11E951DE2480}.Release|ARM.ActiveCfg = Release|ARM
		{6E7D735C-2350-41A4-A144-11E951DE2480}.Release|ARM.Build.0 = Release|ARM
		{6E7D735C-2350-41A4-A144-11E951DE2480}.Release|x64.ActiveCfg = Release|x64
		{6E7D735C-2350-41A4-A144-11E951DE2480}.Release|x64.Build.0 = Release|x64
		{6E7D735C-2350-41A4-A144-11E951DE2480}.Release|x86.ActiveCfg = Release|x86
		{6E7D735C-2350-41A4-A144-11E951DE2480}.Release|x86.Build.0 = Release|x86
		{BA7C3360-503C-4DD2-B47E-72A0757EB46F}.Debug|Any CPU.ActiveCfg = Debug|Any CPU
		{BA7C3360-503C-4DD2-B47E-72A0757EB46F}.Debug|Any CPU.Build.0 = Debug|Any CPU
		{BA7C3360-503C-4DD2-B47E-72A0757EB46F}.Debug|ARM.ActiveCfg = Debug|ARM
		{BA7C3360-503C-4DD2-B47E-72A0757EB46F}.Debug|ARM.Build.0 = Debug|ARM
		{BA7C3360-503C-4DD2-B47E-72A0757EB46F}.Debug|x64.ActiveCfg = Debug|x64
		{BA7C3360-503C-4DD2-B47E-72A0757EB46F}.Debug|x64.Build.0 = Debug|x64
		{BA7C3360-503C-4DD2-B47E-72A0757EB46F}.Debug|x86.ActiveCfg = Debug|x86
		{BA7C3360-503C-4DD2-B47E-72A0757EB46F}.Debug|x86.Build.0 = Debug|x86
		{BA7C3360-503C-4DD2-B47E-72A0757EB46F}.Release|Any CPU.ActiveCfg = Release|Any CPU
		{BA7C3360-503C-4DD2-B47E-72A0757EB46F}.Release|Any CPU.Build.0 = Release|Any CPU
		{BA7C3360-503C-4DD2-B47E-72A0757EB46F}.Release|ARM.ActiveCfg = Release|ARM
		{BA7C3360-503C-4DD2-B47E-72A0757EB46F}.Release|ARM.Build.0 = Release|ARM
		{BA7C3360-503C-4DD2-B47E-72A0757EB46F}.Release|x64.ActiveCfg = Release|x64
		{BA7C3360-503C-4DD2-B47E-72A0757EB46F}.Release|x64.Build.0 = Release|x64
		{BA7C3360-503C-4DD2-B47E-72A0757EB46F}.Release|x86.ActiveCfg = Release|x86
		{BA7C3360-503C-4DD2-B47E-72A0757EB46F}.Release|x86.Build.0 = Release|x86
		{34CBFED2-BCF4-4698-BA56-709D7B19F882}.Debug|Any CPU.ActiveCfg = Debug|x86
		{34CBFED2-BCF4-4698-BA56-709D7B19F882}.Debug|ARM.ActiveCfg = Debug|ARM
		{34CBFED2-BCF4-4698-BA56-709D7B19F882}.Debug|ARM.Build.0 = Debug|ARM
		{34CBFED2-BCF4-4698-BA56-709D7B19F882}.Debug|ARM.Deploy.0 = Debug|ARM
		{34CBFED2-BCF4-4698-BA56-709D7B19F882}.Debug|x64.ActiveCfg = Debug|x64
		{34CBFED2-BCF4-4698-BA56-709D7B19F882}.Debug|x64.Build.0 = Debug|x64
		{34CBFED2-BCF4-4698-BA56-709D7B19F882}.Debug|x64.Deploy.0 = Debug|x64
		{34CBFED2-BCF4-4698-BA56-709D7B19F882}.Debug|x86.ActiveCfg = Debug|x86
		{34CBFED2-BCF4-4698-BA56-709D7B19F882}.Debug|x86.Build.0 = Debug|x86
		{34CBFED2-BCF4-4698-BA56-709D7B19F882}.Debug|x86.Deploy.0 = Debug|x86
		{34CBFED2-BCF4-4698-BA56-709D7B19F882}.Release|Any CPU.ActiveCfg = Release|x86
		{34CBFED2-BCF4-4698-BA56-709D7B19F882}.Release|ARM.ActiveCfg = Release|ARM
		{34CBFED2-BCF4-4698-BA56-709D7B19F882}.Release|ARM.Build.0 = Release|ARM
		{34CBFED2-BCF4-4698-BA56-709D7B19F882}.Release|ARM.Deploy.0 = Release|ARM
		{34CBFED2-BCF4-4698-BA56-709D7B19F882}.Release|x64.ActiveCfg = Release|x64
		{34CBFED2-BCF4-4698-BA56-709D7B19F882}.Release|x64.Build.0 = Release|x64
		{34CBFED2-BCF4-4698-BA56-709D7B19F882}.Release|x64.Deploy.0 = Release|x64
		{34CBFED2-BCF4-4698-BA56-709D7B19F882}.Release|x86.ActiveCfg = Release|x86
		{34CBFED2-BCF4-4698-BA56-709D7B19F882}.Release|x86.Build.0 = Release|x86
		{34CBFED2-BCF4-4698-BA56-709D7B19F882}.Release|x86.Deploy.0 = Release|x86
	EndGlobalSection
	GlobalSection(SolutionProperties) = preSolution
		HideSolutionNode = FALSE
	EndGlobalSection
EndGlobal
